// !$*UTF8*$!
{
	archiveVersion = 1;
	classes = {
	};
	objectVersion = 56;
	objects = {

/* Begin PBXBuildFile section */
		FB5F309329D26745006000F8 /* naoBem.swift in Sources */ = {isa = PBXBuildFile; fileRef = FB5F309229D26745006000F8 /* naoBem.swift */; };
		FB5F309529D26CAC006000F8 /* Contatos.swift in Sources */ = {isa = PBXBuildFile; fileRef = FB5F309429D26CAC006000F8 /* Contatos.swift */; };
		FBF3E8BD29BFDA1A006A978E /* oRachaApp.swift in Sources */ = {isa = PBXBuildFile; fileRef = FBF3E8BC29BFDA1A006A978E /* oRachaApp.swift */; };
		FBF3E8BF29BFDA1A006A978E /* ContentView.swift in Sources */ = {isa = PBXBuildFile; fileRef = FBF3E8BE29BFDA1A006A978E /* ContentView.swift */; };
		FBF3E8C129BFDA1B006A978E /* Assets.xcassets in Resources */ = {isa = PBXBuildFile; fileRef = FBF3E8C029BFDA1B006A978E /* Assets.xcassets */; };
		FBF3E8C429BFDA1B006A978E /* Preview Assets.xcassets in Resources */ = {isa = PBXBuildFile; fileRef = FBF3E8C329BFDA1B006A978E /* Preview Assets.xcassets */; };
		FBF3E8D329BFDBD3006A978E /* Acionado.swift in Sources */ = {isa = PBXBuildFile; fileRef = FBF3E8D229BFDBD3006A978E /* Acionado.swift */; };
		FBF3E8D529BFDBE8006A978E /* Bem.swift in Sources */ = {isa = PBXBuildFile; fileRef = FBF3E8D429BFDBE8006A978E /* Bem.swift */; };
		FD967BD529D3990900EA3790 /* ViewModel.swift in Sources */ = {isa = PBXBuildFile; fileRef = FD967BD429D3990900EA3790 /* ViewModel.swift */; };
/* End PBXBuildFile section */

/* Begin PBXFileReference section */
		FB5F309229D26745006000F8 /* naoBem.swift */ = {isa = PBXFileReference; lastKnownFileType = sourcecode.swift; path = naoBem.swift; sourceTree = "<group>"; };
		FB5F309429D26CAC006000F8 /* Contatos.swift */ = {isa = PBXFileReference; lastKnownFileType = sourcecode.swift; path = Contatos.swift; sourceTree = "<group>"; };
		FBF3E8B929BFDA1A006A978E /* oRacha.app */ = {isa = PBXFileReference; explicitFileType = wrapper.application; includeInIndex = 0; path = oRacha.app; sourceTree = BUILT_PRODUCTS_DIR; };
		FBF3E8BC29BFDA1A006A978E /* oRachaApp.swift */ = {isa = PBXFileReference; lastKnownFileType = sourcecode.swift; path = oRachaApp.swift; sourceTree = "<group>"; };
		FBF3E8BE29BFDA1A006A978E /* ContentView.swift */ = {isa = PBXFileReference; lastKnownFileType = sourcecode.swift; path = ContentView.swift; sourceTree = "<group>"; };
		FBF3E8C029BFDA1B006A978E /* Assets.xcassets */ = {isa = PBXFileReference; lastKnownFileType = folder.assetcatalog; path = Assets.xcassets; sourceTree = "<group>"; };
		FBF3E8C329BFDA1B006A978E /* Preview Assets.xcassets */ = {isa = PBXFileReference; lastKnownFileType = folder.assetcatalog; path = "Preview Assets.xcassets"; sourceTree = "<group>"; };
		FBF3E8D229BFDBD3006A978E /* Acionado.swift */ = {isa = PBXFileReference; lastKnownFileType = sourcecode.swift; path = Acionado.swift; sourceTree = "<group>"; };
		FBF3E8D429BFDBE8006A978E /* Bem.swift */ = {isa = PBXFileReference; lastKnownFileType = sourcecode.swift; path = Bem.swift; sourceTree = "<group>"; };
		FD967BD429D3990900EA3790 /* ViewModel.swift */ = {isa = PBXFileReference; lastKnownFileType = sourcecode.swift; path = ViewModel.swift; sourceTree = "<group>"; };
/* End PBXFileReference section */

/* Begin PBXFrameworksBuildPhase section */
		FBF3E8B629BFDA1A006A978E /* Frameworks */ = {
			isa = PBXFrameworksBuildPhase;
			buildActionMask = 2147483647;
			files = (
			);
			runOnlyForDeploymentPostprocessing = 0;
		};
/* End PBXFrameworksBuildPhase section */

/* Begin PBXGroup section */
		FBF3E8B029BFDA1A006A978E = {
			isa = PBXGroup;
			children = (
				FBF3E8BB29BFDA1A006A978E /* oRacha */,
				FBF3E8BA29BFDA1A006A978E /* Products */,
			);
			sourceTree = "<group>";
		};
		FBF3E8BA29BFDA1A006A978E /* Products */ = {
			isa = PBXGroup;
			children = (
				FBF3E8B929BFDA1A006A978E /* oRacha.app */,
			);
			name = Products;
			sourceTree = "<group>";
		};
		FBF3E8BB29BFDA1A006A978E /* oRacha */ = {
			isa = PBXGroup;
			children = (
				FBF3E8BC29BFDA1A006A978E /* oRachaApp.swift */,
				FBF3E8BE29BFDA1A006A978E /* ContentView.swift */,
				FBF3E8D229BFDBD3006A978E /* Acionado.swift */,
				FBF3E8D429BFDBE8006A978E /* Bem.swift */,
				FB5F309229D26745006000F8 /* naoBem.swift */,
				FB5F309429D26CAC006000F8 /* Contatos.swift */,
				FBF3E8C029BFDA1B006A978E /* Assets.xcassets */,
				FBF3E8C229BFDA1B006A978E /* Preview Content */,
				FD967BD429D3990900EA3790 /* ViewModel.swift */,
			);
			path = oRacha;
			sourceTree = "<group>";
		};
		FBF3E8C229BFDA1B006A978E /* Preview Content */ = {
			isa = PBXGroup;
			children = (
				FBF3E8C329BFDA1B006A978E /* Preview Assets.xcassets */,
			);
			path = "Preview Content";
			sourceTree = "<group>";
		};
/* End PBXGroup section */

/* Begin PBXNativeTarget section */
		FBF3E8B829BFDA1A006A978E /* oRacha */ = {
			isa = PBXNativeTarget;
			buildConfigurationList = FBF3E8C729BFDA1B006A978E /* Build configuration list for PBXNativeTarget "oRacha" */;
			buildPhases = (
				FBF3E8B529BFDA1A006A978E /* Sources */,
				FBF3E8B629BFDA1A006A978E /* Frameworks */,
				FBF3E8B729BFDA1A006A978E /* Resources */,
			);
			buildRules = (
			);
			dependencies = (
			);
			name = oRacha;
			productName = oRacha;
			productReference = FBF3E8B929BFDA1A006A978E /* oRacha.app */;
			productType = "com.apple.product-type.application";
		};
/* End PBXNativeTarget section */

/* Begin PBXProject section */
		FBF3E8B129BFDA1A006A978E /* Project object */ = {
			isa = PBXProject;
			attributes = {
				BuildIndependentTargetsInParallel = 1;
				LastSwiftUpdateCheck = 1420;
				LastUpgradeCheck = 1420;
				TargetAttributes = {
					FBF3E8B829BFDA1A006A978E = {
						CreatedOnToolsVersion = 14.2;
					};
				};
			};
			buildConfigurationList = FBF3E8B429BFDA1A006A978E /* Build configuration list for PBXProject "oRacha" */;
			compatibilityVersion = "Xcode 14.0";
			developmentRegion = en;
			hasScannedForEncodings = 0;
			knownRegions = (
				en,
				Base,
			);
			mainGroup = FBF3E8B029BFDA1A006A978E;
			productRefGroup = FBF3E8BA29BFDA1A006A978E /* Products */;
			projectDirPath = "";
			projectRoot = "";
			targets = (
				FBF3E8B829BFDA1A006A978E /* oRacha */,
			);
		};
/* End PBXProject section */

/* Begin PBXResourcesBuildPhase section */
		FBF3E8B729BFDA1A006A978E /* Resources */ = {
			isa = PBXResourcesBuildPhase;
			buildActionMask = 2147483647;
			files = (
				FBF3E8C429BFDA1B006A978E /* Preview Assets.xcassets in Resources */,
				FBF3E8C129BFDA1B006A978E /* Assets.xcassets in Resources */,
			);
			runOnlyForDeploymentPostprocessing = 0;
		};
/* End PBXResourcesBuildPhase section */

/* Begin PBXSourcesBuildPhase section */
		FBF3E8B529BFDA1A006A978E /* Sources */ = {
			isa = PBXSourcesBuildPhase;
			buildActionMask = 2147483647;
			files = (
				FD967BD529D3990900EA3790 /* ViewModel.swift in Sources */,
				FB5F309329D26745006000F8 /* naoBem.swift in Sources */,
				FB5F309529D26CAC006000F8 /* Contatos.swift in Sources */,
				FBF3E8BF29BFDA1A006A978E /* ContentView.swift in Sources */,
				FBF3E8BD29BFDA1A006A978E /* oRachaApp.swift in Sources */,
				FBF3E8D329BFDBD3006A978E /* Acionado.swift in Sources */,
				FBF3E8D529BFDBE8006A978E /* Bem.swift in Sources */,
			);
			runOnlyForDeploymentPostprocessing = 0;
		};
/* End PBXSourcesBuildPhase section */

/* Begin XCBuildConfiguration section */
		FBF3E8C529BFDA1B006A978E /* Debug */ = {
			isa = XCBuildConfiguration;
			buildSettings = {
				ALWAYS_SEARCH_USER_PATHS = NO;
				CLANG_ANALYZER_NONNULL = YES;
				CLANG_ANALYZER_NUMBER_OBJECT_CONVERSION = YES_AGGRESSIVE;
				CLANG_CXX_LANGUAGE_STANDARD = "gnu++20";
				CLANG_ENABLE_MODULES = YES;
				CLANG_ENABLE_OBJC_ARC = YES;
				CLANG_ENABLE_OBJC_WEAK = YES;
				CLANG_WARN_BLOCK_CAPTURE_AUTORELEASING = YES;
				CLANG_WARN_BOOL_CONVERSION = YES;
				CLANG_WARN_COMMA = YES;
				CLANG_WARN_CONSTANT_CONVERSION = YES;
				CLANG_WARN_DEPRECATED_OBJC_IMPLEMENTATIONS = YES;
				CLANG_WARN_DIRECT_OBJC_ISA_USAGE = YES_ERROR;
				CLANG_WARN_DOCUMENTATION_COMMENTS = YES;
				CLANG_WARN_EMPTY_BODY = YES;
				CLANG_WARN_ENUM_CONVERSION = YES;
				CLANG_WARN_INFINITE_RECURSION = YES;
				CLANG_WARN_INT_CONVERSION = YES;
				CLANG_WARN_NON_LITERAL_NULL_CONVERSION = YES;
				CLANG_WARN_OBJC_IMPLICIT_RETAIN_SELF = YES;
				CLANG_WARN_OBJC_LITERAL_CONVERSION = YES;
				CLANG_WARN_OBJC_ROOT_CLASS = YES_ERROR;
				CLANG_WARN_QUOTED_INCLUDE_IN_FRAMEWORK_HEADER = YES;
				CLANG_WARN_RANGE_LOOP_ANALYSIS = YES;
				CLANG_WARN_STRICT_PROTOTYPES = YES;
				CLANG_WARN_SUSPICIOUS_MOVE = YES;
				CLANG_WARN_UNGUARDED_AVAILABILITY = YES_AGGRESSIVE;
				CLANG_WARN_UNREACHABLE_CODE = YES;
				CLANG_WARN__DUPLICATE_METHOD_MATCH = YES;
				COPY_PHASE_STRIP = NO;
				DEBUG_INFORMATION_FORMAT = dwarf;
				ENABLE_STRICT_OBJC_MSGSEND = YES;
				ENABLE_TESTABILITY = YES;
				GCC_C_LANGUAGE_STANDARD = gnu11;
				GCC_DYNAMIC_NO_PIC = NO;
				GCC_NO_COMMON_BLOCKS = YES;
				GCC_OPTIMIZATION_LEVEL = 0;
				GCC_PREPROCESSOR_DEFINITIONS = (
					"DEBUG=1",
					"$(inherited)",
				);
				GCC_WARN_64_TO_32_BIT_CONVERSION = YES;
				GCC_WARN_ABOUT_RETURN_TYPE = YES_ERROR;
				GCC_WARN_UNDECLARED_SELECTOR = YES;
				GCC_WARN_UNINITIALIZED_AUTOS = YES_AGGRESSIVE;
				GCC_WARN_UNUSED_FUNCTION = YES;
				GCC_WARN_UNUSED_VARIABLE = YES;
				IPHONEOS_DEPLOYMENT_TARGET = 16.2;
				MTL_ENABLE_DEBUG_INFO = INCLUDE_SOURCE;
				MTL_FAST_MATH = YES;
				ONLY_ACTIVE_ARCH = YES;
				SDKROOT = iphoneos;
				SWIFT_ACTIVE_COMPILATION_CONDITIONS = DEBUG;
				SWIFT_OPTIMIZATION_LEVEL = "-Onone";
			};
			name = Debug;
		};
		FBF3E8C629BFDA1B006A978E /* Release */ = {
			isa = XCBuildConfiguration;
			buildSettings = {
				ALWAYS_SEARCH_USER_PATHS = NO;
				CLANG_ANALYZER_NONNULL = YES;
				CLANG_ANALYZER_NUMBER_OBJECT_CONVERSION = YES_AGGRESSIVE;
				CLANG_CXX_LANGUAGE_STANDARD = "gnu++20";
				CLANG_ENABLE_MODULES = YES;
				CLANG_ENABLE_OBJC_ARC = YES;
				CLANG_ENABLE_OBJC_WEAK = YES;
				CLANG_WARN_BLOCK_CAPTURE_AUTORELEASING = YES;
				CLANG_WARN_BOOL_CONVERSION = YES;
				CLANG_WARN_COMMA = YES;
				CLANG_WARN_CONSTANT_CONVERSION = YES;
				CLANG_WARN_DEPRECATED_OBJC_IMPLEMENTATIONS = YES;
				CLANG_WARN_DIRECT_OBJC_ISA_USAGE = YES_ERROR;
				CLANG_WARN_DOCUMENTATION_COMMENTS = YES;
				CLANG_WARN_EMPTY_BODY = YES;
				CLANG_WARN_ENUM_CONVERSION = YES;
				CLANG_WARN_INFINITE_RECURSION = YES;
				CLANG_WARN_INT_CONVERSION = YES;
				CLANG_WARN_NON_LITERAL_NULL_CONVERSION = YES;
				CLANG_WARN_OBJC_IMPLICIT_RETAIN_SELF = YES;
				CLANG_WARN_OBJC_LITERAL_CONVERSION = YES;
				CLANG_WARN_OBJC_ROOT_CLASS = YES_ERROR;
				CLANG_WARN_QUOTED_INCLUDE_IN_FRAMEWORK_HEADER = YES;
				CLANG_WARN_RANGE_LOOP_ANALYSIS = YES;
				CLANG_WARN_STRICT_PROTOTYPES = YES;
				CLANG_WARN_SUSPICIOUS_MOVE = YES;
				CLANG_WARN_UNGUARDED_AVAILABILITY = YES_AGGRESSIVE;
				CLANG_WARN_UNREACHABLE_CODE = YES;
				CLANG_WARN__DUPLICATE_METHOD_MATCH = YES;
				COPY_PHASE_STRIP = NO;
				DEBUG_INFORMATION_FORMAT = "dwarf-with-dsym";
				ENABLE_NS_ASSERTIONS = NO;
				ENABLE_STRICT_OBJC_MSGSEND = YES;
				GCC_C_LANGUAGE_STANDARD = gnu11;
				GCC_NO_COMMON_BLOCKS = YES;
				GCC_WARN_64_TO_32_BIT_CONVERSION = YES;
				GCC_WARN_ABOUT_RETURN_TYPE = YES_ERROR;
				GCC_WARN_UNDECLARED_SELECTOR = YES;
				GCC_WARN_UNINITIALIZED_AUTOS = YES_AGGRESSIVE;
				GCC_WARN_UNUSED_FUNCTION = YES;
				GCC_WARN_UNUSED_VARIABLE = YES;
				IPHONEOS_DEPLOYMENT_TARGET = 16.2;
				MTL_ENABLE_DEBUG_INFO = NO;
				MTL_FAST_MATH = YES;
				SDKROOT = iphoneos;
				SWIFT_COMPILATION_MODE = wholemodule;
				SWIFT_OPTIMIZATION_LEVEL = "-O";
				VALIDATE_PRODUCT = YES;
			};
			name = Release;
		};
		FBF3E8C829BFDA1B006A978E /* Debug */ = {
			isa = XCBuildConfiguration;
			buildSettings = {
				ASSETCATALOG_COMPILER_APPICON_NAME = AppIcon;
				ASSETCATALOG_COMPILER_GLOBAL_ACCENT_COLOR_NAME = AccentColor;
				CODE_SIGN_STYLE = Automatic;
				CURRENT_PROJECT_VERSION = 1;
				DEVELOPMENT_ASSET_PATHS = "\"oRacha/Preview Content\"";
				ENABLE_PREVIEWS = YES;
				GENERATE_INFOPLIST_FILE = YES;
				INFOPLIST_KEY_UIApplicationSceneManifest_Generation = YES;
				INFOPLIST_KEY_UIApplicationSupportsIndirectInputEvents = YES;
				INFOPLIST_KEY_UILaunchScreen_Generation = YES;
				INFOPLIST_KEY_UISupportedInterfaceOrientations_iPad = "UIInterfaceOrientationPortrait UIInterfaceOrientationPortraitUpsideDown UIInterfaceOrientationLandscapeLeft UIInterfaceOrientationLandscapeRight";
				INFOPLIST_KEY_UISupportedInterfaceOrientations_iPhone = "UIInterfaceOrientationPortrait UIInterfaceOrientationLandscapeLeft UIInterfaceOrientationLandscapeRight";
				LD_RUNPATH_SEARCH_PATHS = (
					"$(inherited)",
					"@executable_path/Frameworks",
				);
				MARKETING_VERSION = 1.0;
				PRODUCT_BUNDLE_IDENTIFIER = com.br.viniciuslanca.oRacha;
				PRODUCT_NAME = "$(TARGET_NAME)";
				SWIFT_EMIT_LOC_STRINGS = YES;
				SWIFT_VERSION = 5.0;
				TARGETED_DEVICE_FAMILY = "1,2";
			};
			name = Debug;
		};
		FBF3E8C929BFDA1B006A978E /* Release */ = {
			isa = XCBuildConfiguration;
			buildSettings = {
				ASSETCATALOG_COMPILER_APPICON_NAME = AppIcon;
				ASSETCATALOG_COMPILER_GLOBAL_ACCENT_COLOR_NAME = AccentColor;
				CODE_SIGN_STYLE = Automatic;
				CURRENT_PROJECT_VERSION = 1;
				DEVELOPMENT_ASSET_PATHS = "\"oRacha/Preview Content\"";
				ENABLE_PREVIEWS = YES;
				GENERATE_INFOPLIST_FILE = YES;
				INFOPLIST_KEY_UIApplicationSceneManifest_Generation = YES;
				INFOPLIST_KEY_UIApplicationSupportsIndirectInputEvents = YES;
				INFOPLIST_KEY_UILaunchScreen_Generation = YES;
				INFOPLIST_KEY_UISupportedInterfaceOrientations_iPad = "UIInterfaceOrientationPortrait UIInterfaceOrientationPortraitUpsideDown UIInterfaceOrientationLandscapeLeft UIInterfaceOrientationLandscapeRight";
				INFOPLIST_KEY_UISupportedInterfaceOrientations_iPhone = "UIInterfaceOrientationPortrait UIInterfaceOrientationLandscapeLeft UIInterfaceOrientationLandscapeRight";
				LD_RUNPATH_SEARCH_PATHS = (
					"$(inherited)",
					"@executable_path/Frameworks",
				);
				MARKETING_VERSION = 1.0;
				PRODUCT_BUNDLE_IDENTIFIER = com.br.viniciuslanca.oRacha;
				PRODUCT_NAME = "$(TARGET_NAME)";
				SWIFT_EMIT_LOC_STRINGS = YES;
				SWIFT_VERSION = 5.0;
				TARGETED_DEVICE_FAMILY = "1,2";
			};
			name = Release;
		};
/* End XCBuildConfiguration section */

/* Begin XCConfigurationList section */
		FBF3E8B429BFDA1A006A978E /* Build configuration list for PBXProject "oRacha" */ = {
			isa = XCConfigurationList;
			buildConfigurations = (
				FBF3E8C529BFDA1B006A978E /* Debug */,
				FBF3E8C629BFDA1B006A978E /* Release */,
			);
			defaultConfigurationIsVisible = 0;
			defaultConfigurationName = Release;
		};
		FBF3E8C729BFDA1B006A978E /* Build configuration list for PBXNativeTarget "oRacha" */ = {
			isa = XCConfigurationList;
			buildConfigurations = (
				FBF3E8C829BFDA1B006A978E /* Debug */,
				FBF3E8C929BFDA1B006A978E /* Release */,
			);
			defaultConfigurationIsVisible = 0;
			defaultConfigurationName = Release;
		};
/* End XCConfigurationList section */
	};
	rootObject = FBF3E8B129BFDA1A006A978E /* Project object */;
}
